
Microsoft Visual Studio Solution File, Format Version 12.00
# Visual Studio Version 16
VisualStudioVersion = 16.0.31702.278
MinimumVisualStudioVersion = 10.0.40219.1
Project("{9A19103F-16F7-4668-BE54-9A1E7A4F7556}") = "BuildingBlocks", "BuildingBlocks\BuildingBlocks.csproj", "{E6FE97FD-E1A7-4637-9151-462A1CADFB22}"
EndProject
Project("{9A19103F-16F7-4668-BE54-9A1E7A4F7556}") = "Consumer", "Consumer\Consumer.csproj", "{9D24A820-9178-444F-8B07-1569A53D02B5}"
EndProject
Project("{9A19103F-16F7-4668-BE54-9A1E7A4F7556}") = "Producer", "Producer\Producer.csproj", "{AE4CB11E-8518-4853-B438-85E3D8404C5E}"
EndProject
Project("{2150E333-8FDC-42A3-9474-1A3956D46DE8}") = "Solution Items", "Solution Items", "{26C460A0-1307-44A9-B811-4B21406B5CB0}"
	ProjectSection(SolutionItems) = preProject
		.editorconfig = .editorconfig
	EndProjectSection
EndProject
Global
	GlobalSection(SolutionConfigurationPlatforms) = preSolution
		Debug|Any CPU = Debug|Any CPU
		Release|Any CPU = Release|Any CPU
	EndGlobalSection
	GlobalSection(ProjectConfigurationPlatforms) = postSolution
		{E6FE97FD-E1A7-4637-9151-462A1CADFB22}.Debug|Any CPU.ActiveCfg = Debug|Any CPU
		{E6FE97FD-E1A7-4637-9151-462A1CADFB22}.Debug|Any CPU.Build.0 = Debug|Any CPU
		{E6FE97FD-E1A7-4637-9151-462A1CADFB22}.Release|Any CPU.ActiveCfg = Release|Any CPU
		{E6FE97FD-E1A7-4637-9151-462A1CADFB22}.Release|Any CPU.Build.0 = Release|Any CPU
		{9D24A820-9178-444F-8B07-1569A53D02B5}.Debug|Any CPU.ActiveCfg = Debug|Any CPU
		{9D24A820-9178-444F-8B07-1569A53D02B5}.Debug|Any CPU.Build.0 = Debug|Any CPU
		{9D24A820-9178-444F-8B07-1569A53D02B5}.Release|Any CPU.ActiveCfg = Release|Any CPU
		{9D24A820-9178-444F-8B07-1569A53D02B5}.Release|Any CPU.Build.0 = Release|Any CPU
		{AE4CB11E-8518-4853-B438-85E3D8404C5E}.Debug|Any CPU.ActiveCfg = Debug|Any CPU
		{AE4CB11E-8518-4853-B438-85E3D8404C5E}.Debug|Any CPU.Build.0 = Debug|Any CPU
		{AE4CB11E-8518-4853-B438-85E3D8404C5E}.Release|Any CPU.ActiveCfg = Release|Any CPU
		{AE4CB11E-8518-4853-B438-85E3D8404C5E}.Release|Any CPU.Build.0 = Release|Any CPU
	EndGlobalSection
	GlobalSection(SolutionProperties) = preSolution
		HideSolutionNode = FALSE
	EndGlobalSection
	GlobalSection(ExtensibilityGlobals) = postSolution
		SolutionGuid = {69B8E514-4C4F-4122-A167-009BB5AAAFE0}
	EndGlobalSection
EndGlobal
